
Microsoft Visual Studio Solution File, Format Version 12.00
# Visual Studio Version 16
VisualStudioVersion = 16.0.29306.81
MinimumVisualStudioVersion = 10.0.40219.1
Project("{FAE04EC0-301F-11D3-BF4B-00C04F79EFBC}") = "最长回文子串查找", "最长回文子串查找.csproj", "{D589713B-F0CF-4FB8-B015-6EF5EB6E7FE5}"
EndProject
Global
	GlobalSection(SolutionConfigurationPlatforms) = preSolution
		Debug|Any CPU = Debug|Any CPU
		Release|Any CPU = Release|Any CPU
	EndGlobalSection
	GlobalSection(ProjectConfigurationPlatforms) = postSolution
		{D589713B-F0CF-4FB8-B015-6EF5EB6E7FE5}.Debug|Any CPU.ActiveCfg = Debug|Any CPU
		{D589713B-F0CF-4FB8-B015-6EF5EB6E7FE5}.Debug|Any CPU.Build.0 = Debug|Any CPU
		{D589713B-F0CF-4FB8-B015-6EF5EB6E7FE5}.Release|Any CPU.ActiveCfg = Release|Any CPU
		{D589713B-F0CF-4FB8-B015-6EF5EB6E7FE5}.Release|Any CPU.Build.0 = Release|Any CPU
	EndGlobalSection
	GlobalSection(SolutionProperties) = preSolution
		HideSolutionNode = FALSE
	EndGlobalSection
	GlobalSection(ExtensibilityGlobals) = postSolution
		SolutionGuid = {0697B921-EE5F-42D3-95DD-E6396BA1CA76}
	EndGlobalSection
EndGlobal
